
Microsoft Visual Studio Solution File, Format Version 12.00
# Visual Studio Version 16
VisualStudioVersion = 16.0.30611.23
MinimumVisualStudioVersion = 10.0.40219.1
Project("{FAE04EC0-301F-11D3-BF4B-00C04F79EFBC}") = "ConsoleApp14", "ConsoleApp14\ConsoleApp14.csproj", "{7F764B05-26FC-4CF3-994B-4F6E6D641DCF}"
EndProject
Global
	GlobalSection(SolutionConfigurationPlatforms) = preSolution
		Debug|Any CPU = Debug|Any CPU
		Release|Any CPU = Release|Any CPU
	EndGlobalSection
	GlobalSection(ProjectConfigurationPlatforms) = postSolution
		{7F764B05-26FC-4CF3-994B-4F6E6D641DCF}.Debug|Any CPU.ActiveCfg = Debug|Any CPU
		{7F764B05-26FC-4CF3-994B-4F6E6D641DCF}.Debug|Any CPU.Build.0 = Debug|Any CPU
		{7F764B05-26FC-4CF3-994B-4F6E6D641DCF}.Release|Any CPU.ActiveCfg = Release|Any CPU
		{7F764B05-26FC-4CF3-994B-4F6E6D641DCF}.Release|Any CPU.Build.0 = Release|Any CPU
	EndGlobalSection
	GlobalSection(SolutionProperties) = preSolution
		HideSolutionNode = FALSE
	EndGlobalSection
	GlobalSection(ExtensibilityGlobals) = postSolution
		SolutionGuid = {3A37C7BA-2555-4B98-AAF6-9E35AC1BF13A}
	EndGlobalSection
EndGlobal
